
Microsoft Visual Studio Solution File, Format Version 12.00
Project("{FAE04EC0-301F-11D3-BF4B-00C04F79EFBC}") = "Converters.Domain", "Converters.Domain\Converters.Domain.csproj", "{5D0912DB-B76E-4CF8-988F-F499EC2A3847}"
EndProject
Project("{FAE04EC0-301F-11D3-BF4B-00C04F79EFBC}") = "Converters.Infrastructure.Base", "Converters.Infrastructure.Base\Converters.Infrastructure.Base.csproj", "{B8B347DF-16DB-43C9-A7D0-CE4BC6DE85A0}"
EndProject
Project("{FAE04EC0-301F-11D3-BF4B-00C04F79EFBC}") = "Converters.Infrastructure.DataAccess", "Converters.Infrastructure.DataAccess\Converters.Infrastructure.DataAccess.csproj", "{F76F54A6-9D67-486C-8EDD-F157C8BC63E4}"
EndProject
Project("{FAE04EC0-301F-11D3-BF4B-00C04F79EFBC}") = "Converters.Infrastructure.Versions", "Converters.Infrastructure.Versions\Converters.Infrastructure.Versions.csproj", "{B36D8DE7-8AE7-487D-9FDE-859BB24B86C9}"
EndProject
Project("{FAE04EC0-301F-11D3-BF4B-00C04F79EFBC}") = "Converters.Services", "Converters.Services\Converters.Services.csproj", "{E0A756A4-FADA-46DA-87ED-CE29C1E964D8}"
EndProject
Project("{FAE04EC0-301F-11D3-BF4B-00C04F79EFBC}") = "Converters.Domain.Services", "Converters.Domain.Services\Converters.Domain.Services.csproj", "{D1732AEB-A525-44EF-9706-9A69231C25D3}"
EndProject
Project("{FAE04EC0-301F-11D3-BF4B-00C04F79EFBC}") = "Converters.Web", "Converters.Web\Converters.Web.csproj", "{75475CAE-DC66-43BD-B613-CAE8782AD491}"
EndProject
Global
	GlobalSection(SolutionConfigurationPlatforms) = preSolution
		Debug|Any CPU = Debug|Any CPU
		Release|Any CPU = Release|Any CPU
	EndGlobalSection
	GlobalSection(ProjectConfigurationPlatforms) = postSolution
		{5D0912DB-B76E-4CF8-988F-F499EC2A3847}.Debug|Any CPU.ActiveCfg = Debug|Any CPU
		{5D0912DB-B76E-4CF8-988F-F499EC2A3847}.Debug|Any CPU.Build.0 = Debug|Any CPU
		{5D0912DB-B76E-4CF8-988F-F499EC2A3847}.Release|Any CPU.ActiveCfg = Release|Any CPU
		{5D0912DB-B76E-4CF8-988F-F499EC2A3847}.Release|Any CPU.Build.0 = Release|Any CPU
		{B8B347DF-16DB-43C9-A7D0-CE4BC6DE85A0}.Debug|Any CPU.ActiveCfg = Debug|Any CPU
		{B8B347DF-16DB-43C9-A7D0-CE4BC6DE85A0}.Debug|Any CPU.Build.0 = Debug|Any CPU
		{B8B347DF-16DB-43C9-A7D0-CE4BC6DE85A0}.Release|Any CPU.ActiveCfg = Release|Any CPU
		{B8B347DF-16DB-43C9-A7D0-CE4BC6DE85A0}.Release|Any CPU.Build.0 = Release|Any CPU
		{F76F54A6-9D67-486C-8EDD-F157C8BC63E4}.Debug|Any CPU.ActiveCfg = Debug|Any CPU
		{F76F54A6-9D67-486C-8EDD-F157C8BC63E4}.Debug|Any CPU.Build.0 = Debug|Any CPU
		{F76F54A6-9D67-486C-8EDD-F157C8BC63E4}.Release|Any CPU.ActiveCfg = Release|Any CPU
		{F76F54A6-9D67-486C-8EDD-F157C8BC63E4}.Release|Any CPU.Build.0 = Release|Any CPU
		{B36D8DE7-8AE7-487D-9FDE-859BB24B86C9}.Debug|Any CPU.ActiveCfg = Debug|Any CPU
		{B36D8DE7-8AE7-487D-9FDE-859BB24B86C9}.Debug|Any CPU.Build.0 = Debug|Any CPU
		{B36D8DE7-8AE7-487D-9FDE-859BB24B86C9}.Release|Any CPU.ActiveCfg = Release|Any CPU
		{B36D8DE7-8AE7-487D-9FDE-859BB24B86C9}.Release|Any CPU.Build.0 = Release|Any CPU
		{E0A756A4-FADA-46DA-87ED-CE29C1E964D8}.Debug|Any CPU.ActiveCfg = Debug|Any CPU
		{E0A756A4-FADA-46DA-87ED-CE29C1E964D8}.Debug|Any CPU.Build.0 = Debug|Any CPU
		{E0A756A4-FADA-46DA-87ED-CE29C1E964D8}.Release|Any CPU.ActiveCfg = Release|Any CPU
		{E0A756A4-FADA-46DA-87ED-CE29C1E964D8}.Release|Any CPU.Build.0 = Release|Any CPU
		{D1732AEB-A525-44EF-9706-9A69231C25D3}.Debug|Any CPU.ActiveCfg = Debug|Any CPU
		{D1732AEB-A525-44EF-9706-9A69231C25D3}.Debug|Any CPU.Build.0 = Debug|Any CPU
		{D1732AEB-A525-44EF-9706-9A69231C25D3}.Release|Any CPU.ActiveCfg = Release|Any CPU
		{D1732AEB-A525-44EF-9706-9A69231C25D3}.Release|Any CPU.Build.0 = Release|Any CPU
		{75475CAE-DC66-43BD-B613-CAE8782AD491}.Debug|Any CPU.ActiveCfg = Debug|Any CPU
		{75475CAE-DC66-43BD-B613-CAE8782AD491}.Debug|Any CPU.Build.0 = Debug|Any CPU
		{75475CAE-DC66-43BD-B613-CAE8782AD491}.Release|Any CPU.ActiveCfg = Release|Any CPU
		{75475CAE-DC66-43BD-B613-CAE8782AD491}.Release|Any CPU.Build.0 = Release|Any CPU
	EndGlobalSection
EndGlobal
